
Microsoft Visual Studio Solution File, Format Version 12.00
# Visual Studio 15
VisualStudioVersion = 15.0.28307.960
MinimumVisualStudioVersion = 10.0.40219.1
Project("{FAE04EC0-301F-11D3-BF4B-00C04F79EFBC}") = "mycalculator", "mycalculator\mycalculator.csproj", "{71D08837-C9AF-4110-BB75-4953369937A4}"
EndProject
Project("{9A19103F-16F7-4668-BE54-9A1E7A4F7556}") = "XUnitTestProject1", "XUnitTestProject1\XUnitTestProject1.csproj", "{98419C04-94D4-4919-9153-4CD4141D2046}"
EndProject
Project("{FAE04EC0-301F-11D3-BF4B-00C04F79EFBC}") = "WebApplication", "WebApplication\WebApplication.csproj", "{B666B8D0-2099-4170-B817-60056A6A959E}"
EndProject
Global
	GlobalSection(SolutionConfigurationPlatforms) = preSolution
		Debug|Any CPU = Debug|Any CPU
		Release|Any CPU = Release|Any CPU
	EndGlobalSection
	GlobalSection(ProjectConfigurationPlatforms) = postSolution
		{71D08837-C9AF-4110-BB75-4953369937A4}.Debug|Any CPU.ActiveCfg = Debug|Any CPU
		{71D08837-C9AF-4110-BB75-4953369937A4}.Debug|Any CPU.Build.0 = Debug|Any CPU
		{71D08837-C9AF-4110-BB75-4953369937A4}.Release|Any CPU.ActiveCfg = Release|Any CPU
		{71D08837-C9AF-4110-BB75-4953369937A4}.Release|Any CPU.Build.0 = Release|Any CPU
		{98419C04-94D4-4919-9153-4CD4141D2046}.Debug|Any CPU.ActiveCfg = Debug|Any CPU
		{98419C04-94D4-4919-9153-4CD4141D2046}.Debug|Any CPU.Build.0 = Debug|Any CPU
		{98419C04-94D4-4919-9153-4CD4141D2046}.Release|Any CPU.ActiveCfg = Release|Any CPU
		{98419C04-94D4-4919-9153-4CD4141D2046}.Release|Any CPU.Build.0 = Release|Any CPU
		{B666B8D0-2099-4170-B817-60056A6A959E}.Debug|Any CPU.ActiveCfg = Debug|Any CPU
		{B666B8D0-2099-4170-B817-60056A6A959E}.Debug|Any CPU.Build.0 = Debug|Any CPU
		{B666B8D0-2099-4170-B817-60056A6A959E}.Release|Any CPU.ActiveCfg = Release|Any CPU
		{B666B8D0-2099-4170-B817-60056A6A959E}.Release|Any CPU.Build.0 = Release|Any CPU
	EndGlobalSection
	GlobalSection(SolutionProperties) = preSolution
		HideSolutionNode = FALSE
	EndGlobalSection
	GlobalSection(ExtensibilityGlobals) = postSolution
		SolutionGuid = {73101E5F-B6D4-4F7C-B37C-D1FD024EA1A1}
	EndGlobalSection
EndGlobal
